Microsoft Visual Studio Solution File, Format Version 12.00
# Visual Studio 14
VisualStudioVersion = 14.0.25420.1
MinimumVisualStudioVersion = 10.0.40219.1
Project("{002A2DE9-8BB6-484D-9802-7E4AD4084715}") = "popss", ".dub\popss.visualdproj", "{CC03964B-47A0-4D34-A56B-5ED270EEFE02}"
	ProjectSection(ProjectDependencies) = postProject
		{1D14B41B-99BA-4F48-8EBE-1708D9F3BD24} = {1D14B41B-99BA-4F48-8EBE-1708D9F3BD24}
		{AB34EDF7-07BE-490A-B64A-39BF32347845} = {AB34EDF7-07BE-490A-B64A-39BF32347845}
		{94D1DC37-8B6E-41CF-B0A2-C100A2F86AA5} = {94D1DC37-8B6E-41CF-B0A2-C100A2F86AA5}
		{05B218E7-32E1-4D51-B816-CAD892A17EA4} = {05B218E7-32E1-4D51-B816-CAD892A17EA4}
		{38C81FDD-5DD2-4338-883A-9F16C5E90257} = {38C81FDD-5DD2-4338-883A-9F16C5E90257}
		{439A0CD9-1DBB-466D-B449-B9DF7DAE9300} = {439A0CD9-1DBB-466D-B449-B9DF7DAE9300}
		{53A13F78-761E-47B2-94FD-630DBAFD7D8C} = {53A13F78-761E-47B2-94FD-630DBAFD7D8C}
		{5DCB2466-5539-43CA-8908-979D70959578} = {5DCB2466-5539-43CA-8908-979D70959578}
		{180EE27A-CF09-4FEE-B8F5-26421997346A} = {180EE27A-CF09-4FEE-B8F5-26421997346A}
		{3FA9C033-C732-494C-9D74-14AFACF79AF2} = {3FA9C033-C732-494C-9D74-14AFACF79AF2}
		{8F10AE6E-B75B-4A84-9C2E-4035A05DB4BF} = {8F10AE6E-B75B-4A84-9C2E-4035A05DB4BF}
		{F3B66D29-4CEC-4CEE-9251-7A67EE01F520} = {F3B66D29-4CEC-4CEE-9251-7A67EE01F520}
		{8747C2C7-48B9-4046-B982-CEA2A1F318B1} = {8747C2C7-48B9-4046-B982-CEA2A1F318B1}
		{EF437166-2D03-42C9-B015-2EBC8CAA388A} = {EF437166-2D03-42C9-B015-2EBC8CAA388A}
		{EE50E0BA-C084-480A-8CD5-3AA5FF067D9C} = {EE50E0BA-C084-480A-8CD5-3AA5FF067D9C}
		{0DB38659-99B3-4CB0-B725-8E73FFB78F43} = {0DB38659-99B3-4CB0-B725-8E73FFB78F43}
		{F483FE04-6DD8-459F-B31F-A4F37C75C29F} = {F483FE04-6DD8-459F-B31F-A4F37C75C29F}
	EndProjectSection
EndProject
Project("{002A2DE9-8BB6-484D-9802-7E4AD4084715}") = "ctrgui", ".dub\ctrgui.visualdproj", "{1D14B41B-99BA-4F48-8EBE-1708D9F3BD24}"
EndProject
Project("{002A2DE9-8BB6-484D-9802-7E4AD4084715}") = "ddsp", ".dub\ddsp.visualdproj", "{AB34EDF7-07BE-490A-B64A-39BF32347845}"
EndProject
Project("{002A2DE9-8BB6-484D-9802-7E4AD4084715}") = "dplug_core", ".dub\dplug_core.visualdproj", "{F483FE04-6DD8-459F-B31F-A4F37C75C29F}"
EndProject
Project("{002A2DE9-8BB6-484D-9802-7E4AD4084715}") = "dplug_graphics", ".dub\dplug_graphics.visualdproj", "{F3B66D29-4CEC-4CEE-9251-7A67EE01F520}"
EndProject
Project("{002A2DE9-8BB6-484D-9802-7E4AD4084715}") = "gfm_math", ".dub\gfm_math.visualdproj", "{8747C2C7-48B9-4046-B982-CEA2A1F318B1}"
EndProject
Project("{002A2DE9-8BB6-484D-9802-7E4AD4084715}") = "dplug_gui", ".dub\dplug_gui.visualdproj", "{5DCB2466-5539-43CA-8908-979D70959578}"
EndProject
Project("{002A2DE9-8BB6-484D-9802-7E4AD4084715}") = "dplug_client", ".dub\dplug_client.visualdproj", "{0DB38659-99B3-4CB0-B725-8E73FFB78F43}"
EndProject
Project("{002A2DE9-8BB6-484D-9802-7E4AD4084715}") = "dplug_window", ".dub\dplug_window.visualdproj", "{180EE27A-CF09-4FEE-B8F5-26421997346A}"
EndProject
Project("{002A2DE9-8BB6-484D-9802-7E4AD4084715}") = "dplug_carbon", ".dub\dplug_carbon.visualdproj", "{3FA9C033-C732-494C-9D74-14AFACF79AF2}"
EndProject
Project("{002A2DE9-8BB6-484D-9802-7E4AD4084715}") = "dplug_cocoa", ".dub\dplug_cocoa.visualdproj", "{8F10AE6E-B75B-4A84-9C2E-4035A05DB4BF}"
EndProject
Project("{002A2DE9-8BB6-484D-9802-7E4AD4084715}") = "dplug_x11", ".dub\dplug_x11.visualdproj", "{EF437166-2D03-42C9-B015-2EBC8CAA388A}"
EndProject
Project("{002A2DE9-8BB6-484D-9802-7E4AD4084715}") = "dplug_au", ".dub\dplug_au.visualdproj", "{94D1DC37-8B6E-41CF-B0A2-C100A2F86AA5}"
EndProject
Project("{002A2DE9-8BB6-484D-9802-7E4AD4084715}") = "dplug_dsp", ".dub\dplug_dsp.visualdproj", "{05B218E7-32E1-4D51-B816-CAD892A17EA4}"
EndProject
Project("{002A2DE9-8BB6-484D-9802-7E4AD4084715}") = "pfft", ".dub\pfft.visualdproj", "{38C81FDD-5DD2-4338-883A-9F16C5E90257}"
EndProject
Project("{002A2DE9-8BB6-484D-9802-7E4AD4084715}") = "dplug_flat-widgets", ".dub\dplug_flat-widgets.visualdproj", "{439A0CD9-1DBB-466D-B449-B9DF7DAE9300}"
EndProject
Project("{002A2DE9-8BB6-484D-9802-7E4AD4084715}") = "dplug_pbr-widgets", ".dub\dplug_pbr-widgets.visualdproj", "{53A13F78-761E-47B2-94FD-630DBAFD7D8C}"
EndProject
Project("{002A2DE9-8BB6-484D-9802-7E4AD4084715}") = "dplug_vst", ".dub\dplug_vst.visualdproj", "{EE50E0BA-C084-480A-8CD5-3AA5FF067D9C}"
EndProject
Project("{911E67C6-3D85-4FCE-B560-20A9C3E3FF48}") = "reaper", "C:\Program Files\REAPER (x64)\reaper.exe", "{F4888A18-3F74-42B8-A36A-97DBB5C4DD5A}"
	ProjectSection(DebuggerProjectSystem) = preProject
		PortSupplier = 00000000-0000-0000-0000-000000000000
		Executable = C:\Program Files\REAPER (x64)\reaper.exe
		RemoteMachine = DESKTOP-N3QBD19
		StartingDirectory = C:\Program Files\REAPER (x64)
		Environment = Default
		LaunchingEngine = 00000000-0000-0000-0000-000000000000
		UseLegacyDebugEngines = No
		LaunchSQLEngine = No
		AttachLaunchAction = No
	EndProjectSection
EndProject
Global
	GlobalSection(SolutionConfigurationPlatforms) = preSolution
		debug|Win32 = debug|Win32
		debug|x64 = debug|x64
		Release|Win32 = Release|Win32
		Release|x64 = Release|x64
	EndGlobalSection
	GlobalSection(ProjectConfigurationPlatforms) = postSolution
		{CC03964B-47A0-4D34-A56B-5ED270EEFE02}.debug|Win32.ActiveCfg = debug|Win32
		{CC03964B-47A0-4D34-A56B-5ED270EEFE02}.debug|Win32.Build.0 = debug|Win32
		{CC03964B-47A0-4D34-A56B-5ED270EEFE02}.debug|x64.ActiveCfg = debug|Win32
		{CC03964B-47A0-4D34-A56B-5ED270EEFE02}.Release|Win32.ActiveCfg = debug|Win32
		{CC03964B-47A0-4D34-A56B-5ED270EEFE02}.Release|Win32.Build.0 = debug|Win32
		{CC03964B-47A0-4D34-A56B-5ED270EEFE02}.Release|x64.ActiveCfg = debug|Win32
		{CC03964B-47A0-4D34-A56B-5ED270EEFE02}.Release|x64.Build.0 = debug|Win32
		{1D14B41B-99BA-4F48-8EBE-1708D9F3BD24}.debug|Win32.ActiveCfg = debug|Win32
		{1D14B41B-99BA-4F48-8EBE-1708D9F3BD24}.debug|Win32.Build.0 = debug|Win32
		{1D14B41B-99BA-4F48-8EBE-1708D9F3BD24}.debug|x64.ActiveCfg = debug|Win32
		{1D14B41B-99BA-4F48-8EBE-1708D9F3BD24}.Release|Win32.ActiveCfg = debug|Win32
		{1D14B41B-99BA-4F48-8EBE-1708D9F3BD24}.Release|Win32.Build.0 = debug|Win32
		{1D14B41B-99BA-4F48-8EBE-1708D9F3BD24}.Release|x64.ActiveCfg = debug|Win32
		{1D14B41B-99BA-4F48-8EBE-1708D9F3BD24}.Release|x64.Build.0 = debug|Win32
		{AB34EDF7-07BE-490A-B64A-39BF32347845}.debug|Win32.ActiveCfg = debug|Win32
		{AB34EDF7-07BE-490A-B64A-39BF32347845}.debug|Win32.Build.0 = debug|Win32
		{AB34EDF7-07BE-490A-B64A-39BF32347845}.debug|x64.ActiveCfg = debug|Win32
		{AB34EDF7-07BE-490A-B64A-39BF32347845}.Release|Win32.ActiveCfg = debug|Win32
		{AB34EDF7-07BE-490A-B64A-39BF32347845}.Release|Win32.Build.0 = debug|Win32
		{AB34EDF7-07BE-490A-B64A-39BF32347845}.Release|x64.ActiveCfg = debug|Win32
		{AB34EDF7-07BE-490A-B64A-39BF32347845}.Release|x64.Build.0 = debug|Win32
		{F483FE04-6DD8-459F-B31F-A4F37C75C29F}.debug|Win32.ActiveCfg = debug|Win32
		{F483FE04-6DD8-459F-B31F-A4F37C75C29F}.debug|Win32.Build.0 = debug|Win32
		{F483FE04-6DD8-459F-B31F-A4F37C75C29F}.debug|x64.ActiveCfg = debug|Win32
		{F483FE04-6DD8-459F-B31F-A4F37C75C29F}.Release|Win32.ActiveCfg = debug|Win32
		{F483FE04-6DD8-459F-B31F-A4F37C75C29F}.Release|Win32.Build.0 = debug|Win32
		{F483FE04-6DD8-459F-B31F-A4F37C75C29F}.Release|x64.ActiveCfg = debug|Win32
		{F483FE04-6DD8-459F-B31F-A4F37C75C29F}.Release|x64.Build.0 = debug|Win32
		{F3B66D29-4CEC-4CEE-9251-7A67EE01F520}.debug|Win32.ActiveCfg = debug|Win32
		{F3B66D29-4CEC-4CEE-9251-7A67EE01F520}.debug|Win32.Build.0 = debug|Win32
		{F3B66D29-4CEC-4CEE-9251-7A67EE01F520}.debug|x64.ActiveCfg = debug|Win32
		{F3B66D29-4CEC-4CEE-9251-7A67EE01F520}.Release|Win32.ActiveCfg = debug|Win32
		{F3B66D29-4CEC-4CEE-9251-7A67EE01F520}.Release|Win32.Build.0 = debug|Win32
		{F3B66D29-4CEC-4CEE-9251-7A67EE01F520}.Release|x64.ActiveCfg = debug|Win32
		{F3B66D29-4CEC-4CEE-9251-7A67EE01F520}.Release|x64.Build.0 = debug|Win32
		{8747C2C7-48B9-4046-B982-CEA2A1F318B1}.debug|Win32.ActiveCfg = debug|Win32
		{8747C2C7-48B9-4046-B982-CEA2A1F318B1}.debug|Win32.Build.0 = debug|Win32
		{8747C2C7-48B9-4046-B982-CEA2A1F318B1}.debug|x64.ActiveCfg = debug|Win32
		{8747C2C7-48B9-4046-B982-CEA2A1F318B1}.Release|Win32.ActiveCfg = debug|Win32
		{8747C2C7-48B9-4046-B982-CEA2A1F318B1}.Release|Win32.Build.0 = debug|Win32
		{8747C2C7-48B9-4046-B982-CEA2A1F318B1}.Release|x64.ActiveCfg = debug|Win32
		{8747C2C7-48B9-4046-B982-CEA2A1F318B1}.Release|x64.Build.0 = debug|Win32
		{5DCB2466-5539-43CA-8908-979D70959578}.debug|Win32.ActiveCfg = debug|Win32
		{5DCB2466-5539-43CA-8908-979D70959578}.debug|Win32.Build.0 = debug|Win32
		{5DCB2466-5539-43CA-8908-979D70959578}.debug|x64.ActiveCfg = debug|Win32
		{5DCB2466-5539-43CA-8908-979D70959578}.Release|Win32.ActiveCfg = debug|Win32
		{5DCB2466-5539-43CA-8908-979D70959578}.Release|Win32.Build.0 = debug|Win32
		{5DCB2466-5539-43CA-8908-979D70959578}.Release|x64.ActiveCfg = debug|Win32
		{5DCB2466-5539-43CA-8908-979D70959578}.Release|x64.Build.0 = debug|Win32
		{0DB38659-99B3-4CB0-B725-8E73FFB78F43}.debug|Win32.ActiveCfg = debug|Win32
		{0DB38659-99B3-4CB0-B725-8E73FFB78F43}.debug|Win32.Build.0 = debug|Win32
		{0DB38659-99B3-4CB0-B725-8E73FFB78F43}.debug|x64.ActiveCfg = debug|Win32
		{0DB38659-99B3-4CB0-B725-8E73FFB78F43}.Release|Win32.ActiveCfg = debug|Win32
		{0DB38659-99B3-4CB0-B725-8E73FFB78F43}.Release|Win32.Build.0 = debug|Win32
		{0DB38659-99B3-4CB0-B725-8E73FFB78F43}.Release|x64.ActiveCfg = debug|Win32
		{0DB38659-99B3-4CB0-B725-8E73FFB78F43}.Release|x64.Build.0 = debug|Win32
		{180EE27A-CF09-4FEE-B8F5-26421997346A}.debug|Win32.ActiveCfg = debug|Win32
		{180EE27A-CF09-4FEE-B8F5-26421997346A}.debug|Win32.Build.0 = debug|Win32
		{180EE27A-CF09-4FEE-B8F5-26421997346A}.debug|x64.ActiveCfg = debug|Win32
		{180EE27A-CF09-4FEE-B8F5-26421997346A}.Release|Win32.ActiveCfg = debug|Win32
		{180EE27A-CF09-4FEE-B8F5-26421997346A}.Release|Win32.Build.0 = debug|Win32
		{180EE27A-CF09-4FEE-B8F5-26421997346A}.Release|x64.ActiveCfg = debug|Win32
		{180EE27A-CF09-4FEE-B8F5-26421997346A}.Release|x64.Build.0 = debug|Win32
		{3FA9C033-C732-494C-9D74-14AFACF79AF2}.debug|Win32.ActiveCfg = debug|Win32
		{3FA9C033-C732-494C-9D74-14AFACF79AF2}.debug|Win32.Build.0 = debug|Win32
		{3FA9C033-C732-494C-9D74-14AFACF79AF2}.debug|x64.ActiveCfg = debug|Win32
		{3FA9C033-C732-494C-9D74-14AFACF79AF2}.Release|Win32.ActiveCfg = debug|Win32
		{3FA9C033-C732-494C-9D74-14AFACF79AF2}.Release|Win32.Build.0 = debug|Win32
		{3FA9C033-C732-494C-9D74-14AFACF79AF2}.Release|x64.ActiveCfg = debug|Win32
		{3FA9C033-C732-494C-9D74-14AFACF79AF2}.Release|x64.Build.0 = debug|Win32
		{8F10AE6E-B75B-4A84-9C2E-4035A05DB4BF}.debug|Win32.ActiveCfg = debug|Win32
		{8F10AE6E-B75B-4A84-9C2E-4035A05DB4BF}.debug|Win32.Build.0 = debug|Win32
		{8F10AE6E-B75B-4A84-9C2E-4035A05DB4BF}.debug|x64.ActiveCfg = debug|Win32
		{8F10AE6E-B75B-4A84-9C2E-4035A05DB4BF}.Release|Win32.ActiveCfg = debug|Win32
		{8F10AE6E-B75B-4A84-9C2E-4035A05DB4BF}.Release|Win32.Build.0 = debug|Win32
		{8F10AE6E-B75B-4A84-9C2E-4035A05DB4BF}.Release|x64.ActiveCfg = debug|Win32
		{8F10AE6E-B75B-4A84-9C2E-4035A05DB4BF}.Release|x64.Build.0 = debug|Win32
		{EF437166-2D03-42C9-B015-2EBC8CAA388A}.debug|Win32.ActiveCfg = debug|Win32
		{EF437166-2D03-42C9-B015-2EBC8CAA388A}.debug|Win32.Build.0 = debug|Win32
		{EF437166-2D03-42C9-B015-2EBC8CAA388A}.debug|x64.ActiveCfg = debug|Win32
		{EF437166-2D03-42C9-B015-2EBC8CAA388A}.Release|Win32.ActiveCfg = debug|Win32
		{EF437166-2D03-42C9-B015-2EBC8CAA388A}.Release|Win32.Build.0 = debug|Win32
		{EF437166-2D03-42C9-B015-2EBC8CAA388A}.Release|x64.ActiveCfg = debug|Win32
		{EF437166-2D03-42C9-B015-2EBC8CAA388A}.Release|x64.Build.0 = debug|Win32
		{94D1DC37-8B6E-41CF-B0A2-C100A2F86AA5}.debug|Win32.ActiveCfg = debug|Win32
		{94D1DC37-8B6E-41CF-B0A2-C100A2F86AA5}.debug|Win32.Build.0 = debug|Win32
		{94D1DC37-8B6E-41CF-B0A2-C100A2F86AA5}.debug|x64.ActiveCfg = debug|Win32
		{94D1DC37-8B6E-41CF-B0A2-C100A2F86AA5}.Release|Win32.ActiveCfg = debug|Win32
		{94D1DC37-8B6E-41CF-B0A2-C100A2F86AA5}.Release|Win32.Build.0 = debug|Win32
		{94D1DC37-8B6E-41CF-B0A2-C100A2F86AA5}.Release|x64.ActiveCfg = debug|Win32
		{94D1DC37-8B6E-41CF-B0A2-C100A2F86AA5}.Release|x64.Build.0 = debug|Win32
		{05B218E7-32E1-4D51-B816-CAD892A17EA4}.debug|Win32.ActiveCfg = debug|Win32
		{05B218E7-32E1-4D51-B816-CAD892A17EA4}.debug|Win32.Build.0 = debug|Win32
		{05B218E7-32E1-4D51-B816-CAD892A17EA4}.debug|x64.ActiveCfg = debug|Win32
		{05B218E7-32E1-4D51-B816-CAD892A17EA4}.Release|Win32.ActiveCfg = debug|Win32
		{05B218E7-32E1-4D51-B816-CAD892A17EA4}.Release|Win32.Build.0 = debug|Win32
		{05B218E7-32E1-4D51-B816-CAD892A17EA4}.Release|x64.ActiveCfg = debug|Win32
		{05B218E7-32E1-4D51-B816-CAD892A17EA4}.Release|x64.Build.0 = debug|Win32
		{38C81FDD-5DD2-4338-883A-9F16C5E90257}.debug|Win32.ActiveCfg = debug|Win32
		{38C81FDD-5DD2-4338-883A-9F16C5E90257}.debug|Win32.Build.0 = debug|Win32
		{38C81FDD-5DD2-4338-883A-9F16C5E90257}.debug|x64.ActiveCfg = debug|Win32
		{38C81FDD-5DD2-4338-883A-9F16C5E90257}.Release|Win32.ActiveCfg = debug|Win32
		{38C81FDD-5DD2-4338-883A-9F16C5E90257}.Release|Win32.Build.0 = debug|Win32
		{38C81FDD-5DD2-4338-883A-9F16C5E90257}.Release|x64.ActiveCfg = debug|Win32
		{38C81FDD-5DD2-4338-883A-9F16C5E90257}.Release|x64.Build.0 = debug|Win32
		{439A0CD9-1DBB-466D-B449-B9DF7DAE9300}.debug|Win32.ActiveCfg = debug|Win32
		{439A0CD9-1DBB-466D-B449-B9DF7DAE9300}.debug|Win32.Build.0 = debug|Win32
		{439A0CD9-1DBB-466D-B449-B9DF7DAE9300}.debug|x64.ActiveCfg = debug|Win32
		{439A0CD9-1DBB-466D-B449-B9DF7DAE9300}.Release|Win32.ActiveCfg = debug|Win32
		{439A0CD9-1DBB-466D-B449-B9DF7DAE9300}.Release|Win32.Build.0 = debug|Win32
		{439A0CD9-1DBB-466D-B449-B9DF7DAE9300}.Release|x64.ActiveCfg = debug|Win32
		{439A0CD9-1DBB-466D-B449-B9DF7DAE9300}.Release|x64.Build.0 = debug|Win32
		{53A13F78-761E-47B2-94FD-630DBAFD7D8C}.debug|Win32.ActiveCfg = debug|Win32
		{53A13F78-761E-47B2-94FD-630DBAFD7D8C}.debug|Win32.Build.0 = debug|Win32
		{53A13F78-761E-47B2-94FD-630DBAFD7D8C}.debug|x64.ActiveCfg = debug|Win32
		{53A13F78-761E-47B2-94FD-630DBAFD7D8C}.Release|Win32.ActiveCfg = debug|Win32
		{53A13F78-761E-47B2-94FD-630DBAFD7D8C}.Release|Win32.Build.0 = debug|Win32
		{53A13F78-761E-47B2-94FD-630DBAFD7D8C}.Release|x64.ActiveCfg = debug|Win32
		{53A13F78-761E-47B2-94FD-630DBAFD7D8C}.Release|x64.Build.0 = debug|Win32
		{EE50E0BA-C084-480A-8CD5-3AA5FF067D9C}.debug|Win32.ActiveCfg = debug|Win32
		{EE50E0BA-C084-480A-8CD5-3AA5FF067D9C}.debug|Win32.Build.0 = debug|Win32
		{EE50E0BA-C084-480A-8CD5-3AA5FF067D9C}.debug|x64.ActiveCfg = debug|Win32
		{EE50E0BA-C084-480A-8CD5-3AA5FF067D9C}.Release|Win32.ActiveCfg = debug|Win32
		{EE50E0BA-C084-480A-8CD5-3AA5FF067D9C}.Release|Win32.Build.0 = debug|Win32
		{EE50E0BA-C084-480A-8CD5-3AA5FF067D9C}.Release|x64.ActiveCfg = debug|Win32
		{EE50E0BA-C084-480A-8CD5-3AA5FF067D9C}.Release|x64.Build.0 = debug|Win32
		{F4888A18-3F74-42B8-A36A-97DBB5C4DD5A}.debug|Win32.ActiveCfg = Release|x64
		{F4888A18-3F74-42B8-A36A-97DBB5C4DD5A}.debug|x64.ActiveCfg = Release|x64
		{F4888A18-3F74-42B8-A36A-97DBB5C4DD5A}.Release|Win32.ActiveCfg = Release|x64
		{F4888A18-3F74-42B8-A36A-97DBB5C4DD5A}.Release|x64.ActiveCfg = Release|x64
	EndGlobalSection
	GlobalSection(SolutionProperties) = preSolution
		HideSolutionNode = FALSE
	EndGlobalSection
EndGlobal
