Microsoft Visual Studio Solution File, Format Version 11.00
# Visual Studio 2010
Project("{DF7EF047-C47C-49A7-B777-E02B6A6CC414}") = "popss", ".dub/popss.visualdproj", "{ECA94222-F31B-42BC-8478-2C8D9F461A04}"
	ProjectSection(ProjectDependencies) = postProject
		{B0490DFE-786B-4063-AFE9-3F7E420C4062} = {B0490DFE-786B-4063-AFE9-3F7E420C4062}
		{2EB0D8B5-8A10-47CE-A6DC-3C596A1C365F} = {2EB0D8B5-8A10-47CE-A6DC-3C596A1C365F}
		{B2D6A5EC-920E-4226-A012-F51174EBA585} = {B2D6A5EC-920E-4226-A012-F51174EBA585}
		{2EB0D8B5-8A10-47CE-A6DC-3C596A1C365F} = {2EB0D8B5-8A10-47CE-A6DC-3C596A1C365F}
		{B295A305-F092-4A7F-9351-23E15C1320CD} = {B295A305-F092-4A7F-9351-23E15C1320CD}
		{C59125FE-807C-4DA9-9467-91189D27BD90} = {C59125FE-807C-4DA9-9467-91189D27BD90}
		{3F4CE130-77CC-4EF3-9B96-A24D174289B9} = {3F4CE130-77CC-4EF3-9B96-A24D174289B9}
		{81699CAA-2CEF-46D2-AA0F-940C90257E70} = {81699CAA-2CEF-46D2-AA0F-940C90257E70}
		{75C8AF56-B57D-443F-83D6-B5F18C6B9BF2} = {75C8AF56-B57D-443F-83D6-B5F18C6B9BF2}
		{75C8AF56-B57D-443F-83D6-B5F18C6B9BF2} = {75C8AF56-B57D-443F-83D6-B5F18C6B9BF2}
		{25E3AB33-97A0-47FF-B43E-5FABCFC3D6A8} = {25E3AB33-97A0-47FF-B43E-5FABCFC3D6A8}
		{C4F4220D-CCD7-4E6B-82AC-5A2D3367B119} = {C4F4220D-CCD7-4E6B-82AC-5A2D3367B119}
		{817D4268-24E1-4D51-8240-2A3584B93970} = {817D4268-24E1-4D51-8240-2A3584B93970}
		{E1B39EAC-AC47-42C4-B477-D1AD06777DCF} = {E1B39EAC-AC47-42C4-B477-D1AD06777DCF}
		{A3EFE96E-7420-4BB8-BA6B-66E70297CF6F} = {A3EFE96E-7420-4BB8-BA6B-66E70297CF6F}
		{E1B39EAC-AC47-42C4-B477-D1AD06777DCF} = {E1B39EAC-AC47-42C4-B477-D1AD06777DCF}
		{42E228F3-4126-4FE8-A1FD-B4AF47899F41} = {42E228F3-4126-4FE8-A1FD-B4AF47899F41}
		{CC868517-2895-46D8-9A70-F2EC4D8B790D} = {CC868517-2895-46D8-9A70-F2EC4D8B790D}
		{90FC5806-F311-4F09-B800-1274604005E4} = {90FC5806-F311-4F09-B800-1274604005E4}
	EndProjectSection
EndProject
Project("{DF7EF047-C47C-49A7-B777-E02B6A6CC414}") = "ddsp", ".dub/ddsp.visualdproj", "{B0490DFE-786B-4063-AFE9-3F7E420C4062}"
EndProject
Project("{DF7EF047-C47C-49A7-B777-E02B6A6CC414}") = "dplug:core", ".dub/dplug_core.visualdproj", "{90FC5806-F311-4F09-B800-1274604005E4}"
EndProject
Project("{DF7EF047-C47C-49A7-B777-E02B6A6CC414}") = "dplug:dsp", ".dub/dplug_dsp.visualdproj", "{2EB0D8B5-8A10-47CE-A6DC-3C596A1C365F}"
EndProject
Project("{DF7EF047-C47C-49A7-B777-E02B6A6CC414}") = "gfm:math", ".dub/gfm_math.visualdproj", "{E1B39EAC-AC47-42C4-B477-D1AD06777DCF}"
EndProject
Project("{DF7EF047-C47C-49A7-B777-E02B6A6CC414}") = "pfft", ".dub/pfft.visualdproj", "{B295A305-F092-4A7F-9351-23E15C1320CD}"
EndProject
Project("{DF7EF047-C47C-49A7-B777-E02B6A6CC414}") = "dplug:au", ".dub/dplug_au.visualdproj", "{B2D6A5EC-920E-4226-A012-F51174EBA585}"
EndProject
Project("{DF7EF047-C47C-49A7-B777-E02B6A6CC414}") = "dplug:carbon", ".dub/dplug_carbon.visualdproj", "{25E3AB33-97A0-47FF-B43E-5FABCFC3D6A8}"
EndProject
Project("{DF7EF047-C47C-49A7-B777-E02B6A6CC414}") = "dplug:client", ".dub/dplug_client.visualdproj", "{CC868517-2895-46D8-9A70-F2EC4D8B790D}"
EndProject
Project("{DF7EF047-C47C-49A7-B777-E02B6A6CC414}") = "dplug:cocoa", ".dub/dplug_cocoa.visualdproj", "{C4F4220D-CCD7-4E6B-82AC-5A2D3367B119}"
EndProject
Project("{DF7EF047-C47C-49A7-B777-E02B6A6CC414}") = "dplug:flat-widgets", ".dub/dplug_flat-widgets.visualdproj", "{C59125FE-807C-4DA9-9467-91189D27BD90}"
EndProject
Project("{DF7EF047-C47C-49A7-B777-E02B6A6CC414}") = "dplug:graphics", ".dub/dplug_graphics.visualdproj", "{817D4268-24E1-4D51-8240-2A3584B93970}"
EndProject
Project("{DF7EF047-C47C-49A7-B777-E02B6A6CC414}") = "dplug:gui", ".dub/dplug_gui.visualdproj", "{81699CAA-2CEF-46D2-AA0F-940C90257E70}"
EndProject
Project("{DF7EF047-C47C-49A7-B777-E02B6A6CC414}") = "dplug:window", ".dub/dplug_window.visualdproj", "{75C8AF56-B57D-443F-83D6-B5F18C6B9BF2}"
EndProject
Project("{DF7EF047-C47C-49A7-B777-E02B6A6CC414}") = "dplug:x11", ".dub/dplug_x11.visualdproj", "{A3EFE96E-7420-4BB8-BA6B-66E70297CF6F}"
EndProject
Project("{DF7EF047-C47C-49A7-B777-E02B6A6CC414}") = "dplug:pbr-widgets", ".dub/dplug_pbr-widgets.visualdproj", "{3F4CE130-77CC-4EF3-9B96-A24D174289B9}"
EndProject
Project("{DF7EF047-C47C-49A7-B777-E02B6A6CC414}") = "dplug:vst", ".dub/dplug_vst.visualdproj", "{42E228F3-4126-4FE8-A1FD-B4AF47899F41}"
EndProject
Global
	GlobalSection(SolutionConfigurationPlatforms) = preSolution
		debug|Win32 = debug|Win32
	EndGlobalSection
	GlobalSection(ProjectConfigurationPlatforms) = postSolution
		{CC868517-2895-46D8-9A70-F2EC4D8B790D}.debug|Win32.ActiveCfg = debug|Win32
		{CC868517-2895-46D8-9A70-F2EC4D8B790D}.debug|Win32.Build.0 = debug|Win32
		{42E228F3-4126-4FE8-A1FD-B4AF47899F41}.debug|Win32.ActiveCfg = debug|Win32
		{42E228F3-4126-4FE8-A1FD-B4AF47899F41}.debug|Win32.Build.0 = debug|Win32
		{3F4CE130-77CC-4EF3-9B96-A24D174289B9}.debug|Win32.ActiveCfg = debug|Win32
		{3F4CE130-77CC-4EF3-9B96-A24D174289B9}.debug|Win32.Build.0 = debug|Win32
		{E1B39EAC-AC47-42C4-B477-D1AD06777DCF}.debug|Win32.ActiveCfg = debug|Win32
		{E1B39EAC-AC47-42C4-B477-D1AD06777DCF}.debug|Win32.Build.0 = debug|Win32
		{B295A305-F092-4A7F-9351-23E15C1320CD}.debug|Win32.ActiveCfg = debug|Win32
		{B295A305-F092-4A7F-9351-23E15C1320CD}.debug|Win32.Build.0 = debug|Win32
		{ECA94222-F31B-42BC-8478-2C8D9F461A04}.debug|Win32.ActiveCfg = debug|Win32
		{ECA94222-F31B-42BC-8478-2C8D9F461A04}.debug|Win32.Build.0 = debug|Win32
		{2EB0D8B5-8A10-47CE-A6DC-3C596A1C365F}.debug|Win32.ActiveCfg = debug|Win32
		{2EB0D8B5-8A10-47CE-A6DC-3C596A1C365F}.debug|Win32.Build.0 = debug|Win32
		{C59125FE-807C-4DA9-9467-91189D27BD90}.debug|Win32.ActiveCfg = debug|Win32
		{C59125FE-807C-4DA9-9467-91189D27BD90}.debug|Win32.Build.0 = debug|Win32
		{25E3AB33-97A0-47FF-B43E-5FABCFC3D6A8}.debug|Win32.ActiveCfg = debug|Win32
		{25E3AB33-97A0-47FF-B43E-5FABCFC3D6A8}.debug|Win32.Build.0 = debug|Win32
		{90FC5806-F311-4F09-B800-1274604005E4}.debug|Win32.ActiveCfg = debug|Win32
		{90FC5806-F311-4F09-B800-1274604005E4}.debug|Win32.Build.0 = debug|Win32
		{75C8AF56-B57D-443F-83D6-B5F18C6B9BF2}.debug|Win32.ActiveCfg = debug|Win32
		{75C8AF56-B57D-443F-83D6-B5F18C6B9BF2}.debug|Win32.Build.0 = debug|Win32
		{81699CAA-2CEF-46D2-AA0F-940C90257E70}.debug|Win32.ActiveCfg = debug|Win32
		{81699CAA-2CEF-46D2-AA0F-940C90257E70}.debug|Win32.Build.0 = debug|Win32
		{A3EFE96E-7420-4BB8-BA6B-66E70297CF6F}.debug|Win32.ActiveCfg = debug|Win32
		{A3EFE96E-7420-4BB8-BA6B-66E70297CF6F}.debug|Win32.Build.0 = debug|Win32
		{817D4268-24E1-4D51-8240-2A3584B93970}.debug|Win32.ActiveCfg = debug|Win32
		{817D4268-24E1-4D51-8240-2A3584B93970}.debug|Win32.Build.0 = debug|Win32
		{B0490DFE-786B-4063-AFE9-3F7E420C4062}.debug|Win32.ActiveCfg = debug|Win32
		{B0490DFE-786B-4063-AFE9-3F7E420C4062}.debug|Win32.Build.0 = debug|Win32
		{B2D6A5EC-920E-4226-A012-F51174EBA585}.debug|Win32.ActiveCfg = debug|Win32
		{B2D6A5EC-920E-4226-A012-F51174EBA585}.debug|Win32.Build.0 = debug|Win32
		{C4F4220D-CCD7-4E6B-82AC-5A2D3367B119}.debug|Win32.ActiveCfg = debug|Win32
		{C4F4220D-CCD7-4E6B-82AC-5A2D3367B119}.debug|Win32.Build.0 = debug|Win32
	EndGlobalSection
	GlobalSection(SolutionProperties) = preSolution
		HideSolutionNode = FALSE
	EndGlobalSection
EndGlobal
