Microsoft Visual Studio Solution File, Format Version 12.00
# Visual Studio 14
VisualStudioVersion = 14.0.25420.1
MinimumVisualStudioVersion = 10.0.40219.1
Project("{002A2DE9-8BB6-484D-9802-7E4AD4084715}") = "popss", ".dub\popss.visualdproj", "{05159AAF-1AF2-4DFE-8C06-58BF14ADF5C0}"
	ProjectSection(ProjectDependencies) = postProject
		{2063C962-F70E-4102-922C-A954A32E3765} = {2063C962-F70E-4102-922C-A954A32E3765}
		{38D2319C-01E1-47F4-B3BC-69E778EE16EE} = {38D2319C-01E1-47F4-B3BC-69E778EE16EE}
		{D3DB34A5-73EF-4816-AC94-D2A1B94116CB} = {D3DB34A5-73EF-4816-AC94-D2A1B94116CB}
		{7DBA3050-8141-4E63-A7E3-BB53B71A3313} = {7DBA3050-8141-4E63-A7E3-BB53B71A3313}
		{35C08068-20DF-4D19-9555-21010F41A55B} = {35C08068-20DF-4D19-9555-21010F41A55B}
		{DFEEF3E9-B232-4B11-872C-96FADBB36A9F} = {DFEEF3E9-B232-4B11-872C-96FADBB36A9F}
		{CC4F98F7-7757-47CD-99D6-315099C04D12} = {CC4F98F7-7757-47CD-99D6-315099C04D12}
		{6F44E4CD-1C11-4F1C-B880-A8B4721B4B73} = {6F44E4CD-1C11-4F1C-B880-A8B4721B4B73}
		{BF341BDC-7D56-46E0-AB13-AF6526503975} = {BF341BDC-7D56-46E0-AB13-AF6526503975}
		{5A458986-F228-4CC3-BFB6-8788982B63D3} = {5A458986-F228-4CC3-BFB6-8788982B63D3}
		{A7EEB25C-D36D-486E-AEB7-A56E2291FB08} = {A7EEB25C-D36D-486E-AEB7-A56E2291FB08}
		{3E8BBA7F-2987-426A-8AF5-1C2DD95D8E80} = {3E8BBA7F-2987-426A-8AF5-1C2DD95D8E80}
		{BD4BDF60-26BE-4AEC-BE1A-FCFD85CCB759} = {BD4BDF60-26BE-4AEC-BE1A-FCFD85CCB759}
		{829D10F0-4018-405B-AF32-C2C195070385} = {829D10F0-4018-405B-AF32-C2C195070385}
		{5EF7124D-9AF7-4ADD-925B-C15ABE907926} = {5EF7124D-9AF7-4ADD-925B-C15ABE907926}
		{76B2E974-8EF2-4312-8329-53BC148F2D0A} = {76B2E974-8EF2-4312-8329-53BC148F2D0A}
	EndProjectSection
EndProject
Project("{002A2DE9-8BB6-484D-9802-7E4AD4084715}") = "ddsp", ".dub\ddsp.visualdproj", "{2063C962-F70E-4102-922C-A954A32E3765}"
EndProject
Project("{002A2DE9-8BB6-484D-9802-7E4AD4084715}") = "dplug_core", ".dub\dplug_core.visualdproj", "{76B2E974-8EF2-4312-8329-53BC148F2D0A}"
EndProject
Project("{002A2DE9-8BB6-484D-9802-7E4AD4084715}") = "dplug_dsp", ".dub\dplug_dsp.visualdproj", "{38D2319C-01E1-47F4-B3BC-69E778EE16EE}"
EndProject
Project("{002A2DE9-8BB6-484D-9802-7E4AD4084715}") = "gfm_math", ".dub\gfm_math.visualdproj", "{3E8BBA7F-2987-426A-8AF5-1C2DD95D8E80}"
EndProject
Project("{002A2DE9-8BB6-484D-9802-7E4AD4084715}") = "pfft", ".dub\pfft.visualdproj", "{7DBA3050-8141-4E63-A7E3-BB53B71A3313}"
EndProject
Project("{002A2DE9-8BB6-484D-9802-7E4AD4084715}") = "dplug_au", ".dub\dplug_au.visualdproj", "{D3DB34A5-73EF-4816-AC94-D2A1B94116CB}"
EndProject
Project("{002A2DE9-8BB6-484D-9802-7E4AD4084715}") = "dplug_carbon", ".dub\dplug_carbon.visualdproj", "{BF341BDC-7D56-46E0-AB13-AF6526503975}"
EndProject
Project("{002A2DE9-8BB6-484D-9802-7E4AD4084715}") = "dplug_client", ".dub\dplug_client.visualdproj", "{5EF7124D-9AF7-4ADD-925B-C15ABE907926}"
EndProject
Project("{002A2DE9-8BB6-484D-9802-7E4AD4084715}") = "dplug_cocoa", ".dub\dplug_cocoa.visualdproj", "{5A458986-F228-4CC3-BFB6-8788982B63D3}"
EndProject
Project("{002A2DE9-8BB6-484D-9802-7E4AD4084715}") = "dplug_flat-widgets", ".dub\dplug_flat-widgets.visualdproj", "{35C08068-20DF-4D19-9555-21010F41A55B}"
EndProject
Project("{002A2DE9-8BB6-484D-9802-7E4AD4084715}") = "dplug_graphics", ".dub\dplug_graphics.visualdproj", "{A7EEB25C-D36D-486E-AEB7-A56E2291FB08}"
EndProject
Project("{002A2DE9-8BB6-484D-9802-7E4AD4084715}") = "dplug_gui", ".dub\dplug_gui.visualdproj", "{CC4F98F7-7757-47CD-99D6-315099C04D12}"
EndProject
Project("{002A2DE9-8BB6-484D-9802-7E4AD4084715}") = "dplug_window", ".dub\dplug_window.visualdproj", "{6F44E4CD-1C11-4F1C-B880-A8B4721B4B73}"
EndProject
Project("{002A2DE9-8BB6-484D-9802-7E4AD4084715}") = "dplug_x11", ".dub\dplug_x11.visualdproj", "{BD4BDF60-26BE-4AEC-BE1A-FCFD85CCB759}"
EndProject
Project("{002A2DE9-8BB6-484D-9802-7E4AD4084715}") = "dplug_pbr-widgets", ".dub\dplug_pbr-widgets.visualdproj", "{DFEEF3E9-B232-4B11-872C-96FADBB36A9F}"
EndProject
Project("{002A2DE9-8BB6-484D-9802-7E4AD4084715}") = "dplug_vst", ".dub\dplug_vst.visualdproj", "{829D10F0-4018-405B-AF32-C2C195070385}"
EndProject
Project("{911E67C6-3D85-4FCE-B560-20A9C3E3FF48}") = "reaper", "C:\Program Files\REAPER (x64)\reaper.exe", "{7CCA40BA-A5D5-4086-89AE-F8DCF54AEE39}"
	ProjectSection(DebuggerProjectSystem) = preProject
		PortSupplier = 00000000-0000-0000-0000-000000000000
		Executable = C:\Program Files\REAPER (x64)\reaper.exe
		RemoteMachine = DESKTOP-35IS80G
		StartingDirectory = C:\Program Files\REAPER (x64)
		Environment = Default
		LaunchingEngine = 00000000-0000-0000-0000-000000000000
		UseLegacyDebugEngines = No
		LaunchSQLEngine = No
		AttachLaunchAction = No
	EndProjectSection
EndProject
Global
	GlobalSection(SolutionConfigurationPlatforms) = preSolution
		debug|Win32 = debug|Win32
		debug|x64 = debug|x64
		Release|Win32 = Release|Win32
		Release|x64 = Release|x64
	EndGlobalSection
	GlobalSection(ProjectConfigurationPlatforms) = postSolution
		{05159AAF-1AF2-4DFE-8C06-58BF14ADF5C0}.debug|Win32.ActiveCfg = debug|Win32
		{05159AAF-1AF2-4DFE-8C06-58BF14ADF5C0}.debug|Win32.Build.0 = debug|Win32
		{05159AAF-1AF2-4DFE-8C06-58BF14ADF5C0}.debug|x64.ActiveCfg = debug|Win32
		{05159AAF-1AF2-4DFE-8C06-58BF14ADF5C0}.Release|Win32.ActiveCfg = debug|Win32
		{05159AAF-1AF2-4DFE-8C06-58BF14ADF5C0}.Release|Win32.Build.0 = debug|Win32
		{05159AAF-1AF2-4DFE-8C06-58BF14ADF5C0}.Release|x64.ActiveCfg = debug|Win32
		{05159AAF-1AF2-4DFE-8C06-58BF14ADF5C0}.Release|x64.Build.0 = debug|Win32
		{2063C962-F70E-4102-922C-A954A32E3765}.debug|Win32.ActiveCfg = debug|Win32
		{2063C962-F70E-4102-922C-A954A32E3765}.debug|Win32.Build.0 = debug|Win32
		{2063C962-F70E-4102-922C-A954A32E3765}.debug|x64.ActiveCfg = debug|Win32
		{2063C962-F70E-4102-922C-A954A32E3765}.Release|Win32.ActiveCfg = debug|Win32
		{2063C962-F70E-4102-922C-A954A32E3765}.Release|Win32.Build.0 = debug|Win32
		{2063C962-F70E-4102-922C-A954A32E3765}.Release|x64.ActiveCfg = debug|Win32
		{2063C962-F70E-4102-922C-A954A32E3765}.Release|x64.Build.0 = debug|Win32
		{76B2E974-8EF2-4312-8329-53BC148F2D0A}.debug|Win32.ActiveCfg = debug|Win32
		{76B2E974-8EF2-4312-8329-53BC148F2D0A}.debug|Win32.Build.0 = debug|Win32
		{76B2E974-8EF2-4312-8329-53BC148F2D0A}.debug|x64.ActiveCfg = debug|Win32
		{76B2E974-8EF2-4312-8329-53BC148F2D0A}.Release|Win32.ActiveCfg = debug|Win32
		{76B2E974-8EF2-4312-8329-53BC148F2D0A}.Release|Win32.Build.0 = debug|Win32
		{76B2E974-8EF2-4312-8329-53BC148F2D0A}.Release|x64.ActiveCfg = debug|Win32
		{76B2E974-8EF2-4312-8329-53BC148F2D0A}.Release|x64.Build.0 = debug|Win32
		{38D2319C-01E1-47F4-B3BC-69E778EE16EE}.debug|Win32.ActiveCfg = debug|Win32
		{38D2319C-01E1-47F4-B3BC-69E778EE16EE}.debug|Win32.Build.0 = debug|Win32
		{38D2319C-01E1-47F4-B3BC-69E778EE16EE}.debug|x64.ActiveCfg = debug|Win32
		{38D2319C-01E1-47F4-B3BC-69E778EE16EE}.Release|Win32.ActiveCfg = debug|Win32
		{38D2319C-01E1-47F4-B3BC-69E778EE16EE}.Release|Win32.Build.0 = debug|Win32
		{38D2319C-01E1-47F4-B3BC-69E778EE16EE}.Release|x64.ActiveCfg = debug|Win32
		{38D2319C-01E1-47F4-B3BC-69E778EE16EE}.Release|x64.Build.0 = debug|Win32
		{3E8BBA7F-2987-426A-8AF5-1C2DD95D8E80}.debug|Win32.ActiveCfg = debug|Win32
		{3E8BBA7F-2987-426A-8AF5-1C2DD95D8E80}.debug|Win32.Build.0 = debug|Win32
		{3E8BBA7F-2987-426A-8AF5-1C2DD95D8E80}.debug|x64.ActiveCfg = debug|Win32
		{3E8BBA7F-2987-426A-8AF5-1C2DD95D8E80}.Release|Win32.ActiveCfg = debug|Win32
		{3E8BBA7F-2987-426A-8AF5-1C2DD95D8E80}.Release|Win32.Build.0 = debug|Win32
		{3E8BBA7F-2987-426A-8AF5-1C2DD95D8E80}.Release|x64.ActiveCfg = debug|Win32
		{3E8BBA7F-2987-426A-8AF5-1C2DD95D8E80}.Release|x64.Build.0 = debug|Win32
		{7DBA3050-8141-4E63-A7E3-BB53B71A3313}.debug|Win32.ActiveCfg = debug|Win32
		{7DBA3050-8141-4E63-A7E3-BB53B71A3313}.debug|Win32.Build.0 = debug|Win32
		{7DBA3050-8141-4E63-A7E3-BB53B71A3313}.debug|x64.ActiveCfg = debug|Win32
		{7DBA3050-8141-4E63-A7E3-BB53B71A3313}.Release|Win32.ActiveCfg = debug|Win32
		{7DBA3050-8141-4E63-A7E3-BB53B71A3313}.Release|Win32.Build.0 = debug|Win32
		{7DBA3050-8141-4E63-A7E3-BB53B71A3313}.Release|x64.ActiveCfg = debug|Win32
		{7DBA3050-8141-4E63-A7E3-BB53B71A3313}.Release|x64.Build.0 = debug|Win32
		{D3DB34A5-73EF-4816-AC94-D2A1B94116CB}.debug|Win32.ActiveCfg = debug|Win32
		{D3DB34A5-73EF-4816-AC94-D2A1B94116CB}.debug|Win32.Build.0 = debug|Win32
		{D3DB34A5-73EF-4816-AC94-D2A1B94116CB}.debug|x64.ActiveCfg = debug|Win32
		{D3DB34A5-73EF-4816-AC94-D2A1B94116CB}.Release|Win32.ActiveCfg = debug|Win32
		{D3DB34A5-73EF-4816-AC94-D2A1B94116CB}.Release|Win32.Build.0 = debug|Win32
		{D3DB34A5-73EF-4816-AC94-D2A1B94116CB}.Release|x64.ActiveCfg = debug|Win32
		{D3DB34A5-73EF-4816-AC94-D2A1B94116CB}.Release|x64.Build.0 = debug|Win32
		{BF341BDC-7D56-46E0-AB13-AF6526503975}.debug|Win32.ActiveCfg = debug|Win32
		{BF341BDC-7D56-46E0-AB13-AF6526503975}.debug|Win32.Build.0 = debug|Win32
		{BF341BDC-7D56-46E0-AB13-AF6526503975}.debug|x64.ActiveCfg = debug|Win32
		{BF341BDC-7D56-46E0-AB13-AF6526503975}.Release|Win32.ActiveCfg = debug|Win32
		{BF341BDC-7D56-46E0-AB13-AF6526503975}.Release|Win32.Build.0 = debug|Win32
		{BF341BDC-7D56-46E0-AB13-AF6526503975}.Release|x64.ActiveCfg = debug|Win32
		{BF341BDC-7D56-46E0-AB13-AF6526503975}.Release|x64.Build.0 = debug|Win32
		{5EF7124D-9AF7-4ADD-925B-C15ABE907926}.debug|Win32.ActiveCfg = debug|Win32
		{5EF7124D-9AF7-4ADD-925B-C15ABE907926}.debug|Win32.Build.0 = debug|Win32
		{5EF7124D-9AF7-4ADD-925B-C15ABE907926}.debug|x64.ActiveCfg = debug|Win32
		{5EF7124D-9AF7-4ADD-925B-C15ABE907926}.Release|Win32.ActiveCfg = debug|Win32
		{5EF7124D-9AF7-4ADD-925B-C15ABE907926}.Release|Win32.Build.0 = debug|Win32
		{5EF7124D-9AF7-4ADD-925B-C15ABE907926}.Release|x64.ActiveCfg = debug|Win32
		{5EF7124D-9AF7-4ADD-925B-C15ABE907926}.Release|x64.Build.0 = debug|Win32
		{5A458986-F228-4CC3-BFB6-8788982B63D3}.debug|Win32.ActiveCfg = debug|Win32
		{5A458986-F228-4CC3-BFB6-8788982B63D3}.debug|Win32.Build.0 = debug|Win32
		{5A458986-F228-4CC3-BFB6-8788982B63D3}.debug|x64.ActiveCfg = debug|Win32
		{5A458986-F228-4CC3-BFB6-8788982B63D3}.Release|Win32.ActiveCfg = debug|Win32
		{5A458986-F228-4CC3-BFB6-8788982B63D3}.Release|Win32.Build.0 = debug|Win32
		{5A458986-F228-4CC3-BFB6-8788982B63D3}.Release|x64.ActiveCfg = debug|Win32
		{5A458986-F228-4CC3-BFB6-8788982B63D3}.Release|x64.Build.0 = debug|Win32
		{35C08068-20DF-4D19-9555-21010F41A55B}.debug|Win32.ActiveCfg = debug|Win32
		{35C08068-20DF-4D19-9555-21010F41A55B}.debug|Win32.Build.0 = debug|Win32
		{35C08068-20DF-4D19-9555-21010F41A55B}.debug|x64.ActiveCfg = debug|Win32
		{35C08068-20DF-4D19-9555-21010F41A55B}.Release|Win32.ActiveCfg = debug|Win32
		{35C08068-20DF-4D19-9555-21010F41A55B}.Release|Win32.Build.0 = debug|Win32
		{35C08068-20DF-4D19-9555-21010F41A55B}.Release|x64.ActiveCfg = debug|Win32
		{35C08068-20DF-4D19-9555-21010F41A55B}.Release|x64.Build.0 = debug|Win32
		{A7EEB25C-D36D-486E-AEB7-A56E2291FB08}.debug|Win32.ActiveCfg = debug|Win32
		{A7EEB25C-D36D-486E-AEB7-A56E2291FB08}.debug|Win32.Build.0 = debug|Win32
		{A7EEB25C-D36D-486E-AEB7-A56E2291FB08}.debug|x64.ActiveCfg = debug|Win32
		{A7EEB25C-D36D-486E-AEB7-A56E2291FB08}.Release|Win32.ActiveCfg = debug|Win32
		{A7EEB25C-D36D-486E-AEB7-A56E2291FB08}.Release|Win32.Build.0 = debug|Win32
		{A7EEB25C-D36D-486E-AEB7-A56E2291FB08}.Release|x64.ActiveCfg = debug|Win32
		{A7EEB25C-D36D-486E-AEB7-A56E2291FB08}.Release|x64.Build.0 = debug|Win32
		{CC4F98F7-7757-47CD-99D6-315099C04D12}.debug|Win32.ActiveCfg = debug|Win32
		{CC4F98F7-7757-47CD-99D6-315099C04D12}.debug|Win32.Build.0 = debug|Win32
		{CC4F98F7-7757-47CD-99D6-315099C04D12}.debug|x64.ActiveCfg = debug|Win32
		{CC4F98F7-7757-47CD-99D6-315099C04D12}.Release|Win32.ActiveCfg = debug|Win32
		{CC4F98F7-7757-47CD-99D6-315099C04D12}.Release|Win32.Build.0 = debug|Win32
		{CC4F98F7-7757-47CD-99D6-315099C04D12}.Release|x64.ActiveCfg = debug|Win32
		{CC4F98F7-7757-47CD-99D6-315099C04D12}.Release|x64.Build.0 = debug|Win32
		{6F44E4CD-1C11-4F1C-B880-A8B4721B4B73}.debug|Win32.ActiveCfg = debug|Win32
		{6F44E4CD-1C11-4F1C-B880-A8B4721B4B73}.debug|Win32.Build.0 = debug|Win32
		{6F44E4CD-1C11-4F1C-B880-A8B4721B4B73}.debug|x64.ActiveCfg = debug|Win32
		{6F44E4CD-1C11-4F1C-B880-A8B4721B4B73}.Release|Win32.ActiveCfg = debug|Win32
		{6F44E4CD-1C11-4F1C-B880-A8B4721B4B73}.Release|Win32.Build.0 = debug|Win32
		{6F44E4CD-1C11-4F1C-B880-A8B4721B4B73}.Release|x64.ActiveCfg = debug|Win32
		{6F44E4CD-1C11-4F1C-B880-A8B4721B4B73}.Release|x64.Build.0 = debug|Win32
		{BD4BDF60-26BE-4AEC-BE1A-FCFD85CCB759}.debug|Win32.ActiveCfg = debug|Win32
		{BD4BDF60-26BE-4AEC-BE1A-FCFD85CCB759}.debug|Win32.Build.0 = debug|Win32
		{BD4BDF60-26BE-4AEC-BE1A-FCFD85CCB759}.debug|x64.ActiveCfg = debug|Win32
		{BD4BDF60-26BE-4AEC-BE1A-FCFD85CCB759}.Release|Win32.ActiveCfg = debug|Win32
		{BD4BDF60-26BE-4AEC-BE1A-FCFD85CCB759}.Release|Win32.Build.0 = debug|Win32
		{BD4BDF60-26BE-4AEC-BE1A-FCFD85CCB759}.Release|x64.ActiveCfg = debug|Win32
		{BD4BDF60-26BE-4AEC-BE1A-FCFD85CCB759}.Release|x64.Build.0 = debug|Win32
		{DFEEF3E9-B232-4B11-872C-96FADBB36A9F}.debug|Win32.ActiveCfg = debug|Win32
		{DFEEF3E9-B232-4B11-872C-96FADBB36A9F}.debug|Win32.Build.0 = debug|Win32
		{DFEEF3E9-B232-4B11-872C-96FADBB36A9F}.debug|x64.ActiveCfg = debug|Win32
		{DFEEF3E9-B232-4B11-872C-96FADBB36A9F}.Release|Win32.ActiveCfg = debug|Win32
		{DFEEF3E9-B232-4B11-872C-96FADBB36A9F}.Release|Win32.Build.0 = debug|Win32
		{DFEEF3E9-B232-4B11-872C-96FADBB36A9F}.Release|x64.ActiveCfg = debug|Win32
		{DFEEF3E9-B232-4B11-872C-96FADBB36A9F}.Release|x64.Build.0 = debug|Win32
		{829D10F0-4018-405B-AF32-C2C195070385}.debug|Win32.ActiveCfg = debug|Win32
		{829D10F0-4018-405B-AF32-C2C195070385}.debug|Win32.Build.0 = debug|Win32
		{829D10F0-4018-405B-AF32-C2C195070385}.debug|x64.ActiveCfg = debug|Win32
		{829D10F0-4018-405B-AF32-C2C195070385}.Release|Win32.ActiveCfg = debug|Win32
		{829D10F0-4018-405B-AF32-C2C195070385}.Release|Win32.Build.0 = debug|Win32
		{829D10F0-4018-405B-AF32-C2C195070385}.Release|x64.ActiveCfg = debug|Win32
		{829D10F0-4018-405B-AF32-C2C195070385}.Release|x64.Build.0 = debug|Win32
		{7CCA40BA-A5D5-4086-89AE-F8DCF54AEE39}.debug|Win32.ActiveCfg = Release|x64
		{7CCA40BA-A5D5-4086-89AE-F8DCF54AEE39}.debug|x64.ActiveCfg = Release|x64
		{7CCA40BA-A5D5-4086-89AE-F8DCF54AEE39}.Release|Win32.ActiveCfg = Release|x64
		{7CCA40BA-A5D5-4086-89AE-F8DCF54AEE39}.Release|x64.ActiveCfg = Release|x64
	EndGlobalSection
	GlobalSection(SolutionProperties) = preSolution
		HideSolutionNode = FALSE
	EndGlobalSection
EndGlobal
